
Microsoft Visual Studio Solution File, Format Version 12.00
# Visual Studio Version 16
VisualStudioVersion = 16.0.32630.194
MinimumVisualStudioVersion = 10.0.40219.1
Project("{FAE04EC0-301F-11D3-BF4B-00C04F79EFBC}") = "MatrisHesaplayıcı", "MatrisHesaplayıcı\MatrisHesaplayıcı.csproj", "{8AC1875B-00F2-46E5-9974-90F3B1CA1E2D}"
EndProject
Global
	GlobalSection(SolutionConfigurationPlatforms) = preSolution
		Debug|Any CPU = Debug|Any CPU
		Release|Any CPU = Release|Any CPU
	EndGlobalSection
	GlobalSection(ProjectConfigurationPlatforms) = postSolution
		{8AC1875B-00F2-46E5-9974-90F3B1CA1E2D}.Debug|Any CPU.ActiveCfg = Debug|Any CPU
		{8AC1875B-00F2-46E5-9974-90F3B1CA1E2D}.Debug|Any CPU.Build.0 = Debug|Any CPU
		{8AC1875B-00F2-46E5-9974-90F3B1CA1E2D}.Release|Any CPU.ActiveCfg = Release|Any CPU
		{8AC1875B-00F2-46E5-9974-90F3B1CA1E2D}.Release|Any CPU.Build.0 = Release|Any CPU
	EndGlobalSection
	GlobalSection(SolutionProperties) = preSolution
		HideSolutionNode = FALSE
	EndGlobalSection
	GlobalSection(ExtensibilityGlobals) = postSolution
		SolutionGuid = {DA8E587C-987D-4076-A272-1A2C45E778D3}
	EndGlobalSection
EndGlobal
